
Microsoft Visual Studio Solution File, Format Version 12.00
# Visual Studio Version 17
VisualStudioVersion = 17.2.32630.192
MinimumVisualStudioVersion = 10.0.40219.1
Project("{8BC9CEB8-8B4A-11D0-8D11-00A0C91BC942}") = "jump_hit_ball", "jump_hit_ball\jump_hit_ball.vcxproj", "{40F61B26-9452-40E8-B378-96A968BD6ED9}"
EndProject
Global
	GlobalSection(SolutionConfigurationPlatforms) = preSolution
		Debug|x64 = Debug|x64
		Debug|x86 = Debug|x86
		Release|x64 = Release|x64
		Release|x86 = Release|x86
	EndGlobalSection
	GlobalSection(ProjectConfigurationPlatforms) = postSolution
		{40F61B26-9452-40E8-B378-96A968BD6ED9}.Debug|x64.ActiveCfg = Debug|x64
		{40F61B26-9452-40E8-B378-96A968BD6ED9}.Debug|x64.Build.0 = Debug|x64
		{40F61B26-9452-40E8-B378-96A968BD6ED9}.Debug|x86.ActiveCfg = Debug|Win32
		{40F61B26-9452-40E8-B378-96A968BD6ED9}.Debug|x86.Build.0 = Debug|Win32
		{40F61B26-9452-40E8-B378-96A968BD6ED9}.Release|x64.ActiveCfg = Release|x64
		{40F61B26-9452-40E8-B378-96A968BD6ED9}.Release|x64.Build.0 = Release|x64
		{40F61B26-9452-40E8-B378-96A968BD6ED9}.Release|x86.ActiveCfg = Release|Win32
		{40F61B26-9452-40E8-B378-96A968BD6ED9}.Release|x86.Build.0 = Release|Win32
	EndGlobalSection
	GlobalSection(SolutionProperties) = preSolution
		HideSolutionNode = FALSE
	EndGlobalSection
	GlobalSection(ExtensibilityGlobals) = postSolution
		SolutionGuid = {039122F8-E02E-41ED-9B70-256A323E938A}
	EndGlobalSection
EndGlobal
